
Microsoft Visual Studio Solution File, Format Version 12.00
# Visual Studio Version 16
VisualStudioVersion = 16.0.31424.327
MinimumVisualStudioVersion = 10.0.40219.1
Project("{FAE04EC0-301F-11D3-BF4B-00C04F79EFBC}") = "BIT706_A2_Campen_5047211", "BIT706_A2_Campen_5047211.csproj", "{A7993DE2-66BE-42FF-80AE-4B4EEFBD6A1E}"
EndProject
Project("{FAE04EC0-301F-11D3-BF4B-00C04F79EFBC}") = "BankTests_A3", "..\BankTests_A3\BankTests_A3.csproj", "{3011CF9E-7F76-4303-8118-59304C1252C3}"
EndProject
Global
	GlobalSection(SolutionConfigurationPlatforms) = preSolution
		Debug|Any CPU = Debug|Any CPU
		Release|Any CPU = Release|Any CPU
	EndGlobalSection
	GlobalSection(ProjectConfigurationPlatforms) = postSolution
		{A7993DE2-66BE-42FF-80AE-4B4EEFBD6A1E}.Debug|Any CPU.ActiveCfg = Debug|Any CPU
		{A7993DE2-66BE-42FF-80AE-4B4EEFBD6A1E}.Debug|Any CPU.Build.0 = Debug|Any CPU
		{A7993DE2-66BE-42FF-80AE-4B4EEFBD6A1E}.Release|Any CPU.ActiveCfg = Release|Any CPU
		{A7993DE2-66BE-42FF-80AE-4B4EEFBD6A1E}.Release|Any CPU.Build.0 = Release|Any CPU
		{3011CF9E-7F76-4303-8118-59304C1252C3}.Debug|Any CPU.ActiveCfg = Debug|Any CPU
		{3011CF9E-7F76-4303-8118-59304C1252C3}.Debug|Any CPU.Build.0 = Debug|Any CPU
		{3011CF9E-7F76-4303-8118-59304C1252C3}.Release|Any CPU.ActiveCfg = Release|Any CPU
		{3011CF9E-7F76-4303-8118-59304C1252C3}.Release|Any CPU.Build.0 = Release|Any CPU
	EndGlobalSection
	GlobalSection(SolutionProperties) = preSolution
		HideSolutionNode = FALSE
	EndGlobalSection
	GlobalSection(ExtensibilityGlobals) = postSolution
		SolutionGuid = {36ABFAAA-0D72-4B95-8FF8-0F0F45619CA2}
	EndGlobalSection
EndGlobal
